
Microsoft Visual Studio Solution File, Format Version 12.00
# Visual Studio Version 17
VisualStudioVersion = 17.5.33502.453
MinimumVisualStudioVersion = 10.0.40219.1
Project("{888888A0-9F3D-457C-B088-3A5042F75D52}") = "table_task", "table_task.pyproj", "{018FB806-504E-464F-95E4-4832BF8FB08D}"
EndProject
Global
	GlobalSection(SolutionConfigurationPlatforms) = preSolution
		Debug|Any CPU = Debug|Any CPU
		Release|Any CPU = Release|Any CPU
	EndGlobalSection
	GlobalSection(ProjectConfigurationPlatforms) = postSolution
		{018FB806-504E-464F-95E4-4832BF8FB08D}.Debug|Any CPU.ActiveCfg = Debug|Any CPU
		{018FB806-504E-464F-95E4-4832BF8FB08D}.Release|Any CPU.ActiveCfg = Release|Any CPU
	EndGlobalSection
	GlobalSection(SolutionProperties) = preSolution
		HideSolutionNode = FALSE
	EndGlobalSection
	GlobalSection(ExtensibilityGlobals) = postSolution
		SolutionGuid = {B76195EB-B3A4-4C29-9838-FAAF563D6FF6}
	EndGlobalSection
EndGlobal
